
Microsoft Visual Studio Solution File, Format Version 12.00
# Visual Studio Version 17
VisualStudioVersion = 17.3.32519.111
MinimumVisualStudioVersion = 10.0.40219.1
Project("{9A19103F-16F7-4668-BE54-9A1E7A4F7556}") = "MauiEmbeddingiOSAlertTest", "MauiEmbeddingiOSAlertTest\MauiEmbeddingiOSAlertTest.csproj", "{64D15E9E-35A9-499D-8D2B-B5CD7942337D}"
EndProject
Project("{9A19103F-16F7-4668-BE54-9A1E7A4F7556}") = "MauiApp1", "MauiApp1\MauiApp1.csproj", "{6F69EFCD-A2BA-4E49-8597-BAAAC5980B2E}"
EndProject
Global
	GlobalSection(SolutionConfigurationPlatforms) = preSolution
		Debug|Any CPU = Debug|Any CPU
		Release|Any CPU = Release|Any CPU
	EndGlobalSection
	GlobalSection(ProjectConfigurationPlatforms) = postSolution
		{64D15E9E-35A9-499D-8D2B-B5CD7942337D}.Debug|Any CPU.ActiveCfg = Debug|Any CPU
		{64D15E9E-35A9-499D-8D2B-B5CD7942337D}.Debug|Any CPU.Build.0 = Debug|Any CPU
		{64D15E9E-35A9-499D-8D2B-B5CD7942337D}.Debug|Any CPU.Deploy.0 = Debug|Any CPU
		{64D15E9E-35A9-499D-8D2B-B5CD7942337D}.Release|Any CPU.ActiveCfg = Release|Any CPU
		{64D15E9E-35A9-499D-8D2B-B5CD7942337D}.Release|Any CPU.Build.0 = Release|Any CPU
		{64D15E9E-35A9-499D-8D2B-B5CD7942337D}.Release|Any CPU.Deploy.0 = Release|Any CPU
		{6F69EFCD-A2BA-4E49-8597-BAAAC5980B2E}.Debug|Any CPU.ActiveCfg = Debug|Any CPU
		{6F69EFCD-A2BA-4E49-8597-BAAAC5980B2E}.Debug|Any CPU.Build.0 = Debug|Any CPU
		{6F69EFCD-A2BA-4E49-8597-BAAAC5980B2E}.Debug|Any CPU.Deploy.0 = Debug|Any CPU
		{6F69EFCD-A2BA-4E49-8597-BAAAC5980B2E}.Release|Any CPU.ActiveCfg = Release|Any CPU
		{6F69EFCD-A2BA-4E49-8597-BAAAC5980B2E}.Release|Any CPU.Build.0 = Release|Any CPU
		{6F69EFCD-A2BA-4E49-8597-BAAAC5980B2E}.Release|Any CPU.Deploy.0 = Release|Any CPU
	EndGlobalSection
	GlobalSection(SolutionProperties) = preSolution
		HideSolutionNode = FALSE
	EndGlobalSection
	GlobalSection(ExtensibilityGlobals) = postSolution
		SolutionGuid = {0516ADEE-7C2C-48F4-813C-941AC772D7A1}
	EndGlobalSection
EndGlobal
